// !$*UTF8*$!
{
	archiveVersion = 1;
	classes = {
	};
	objectVersion = 46;
	objects = {

/* Begin PBXBuildFile section */
		0027F6ED1760C4F3001D4F56 /* robocodeDelta.cpp in Sources */ = {isa = PBXBuildFile; fileRef = 004F510D173A4FB300E9BF62 /* robocodeDelta.cpp */; };
		0027F6EF1760C4F3001D4F56 /* critter.cpp in Sources */ = {isa = PBXBuildFile; fileRef = 0098DFD5173B41E600FF8C02 /* critter.cpp */; };
		0027F6F01760C4F3001D4F56 /* DataCollector.cpp in Sources */ = {isa = PBXBuildFile; fileRef = 0098DFD7173B41E600FF8C02 /* DataCollector.cpp */; };
		0027F6F11760C4F3001D4F56 /* entity.cpp in Sources */ = {isa = PBXBuildFile; fileRef = 0098DFD9173B41E600FF8C02 /* entity.cpp */; };
		0027F6F21760C4F3001D4F56 /* functions.cpp in Sources */ = {isa = PBXBuildFile; fileRef = 0098DFDB173B41E600FF8C02 /* functions.cpp */; };
		0027F6F31760C4F3001D4F56 /* myrandom.cpp in Sources */ = {isa = PBXBuildFile; fileRef = 0098DFE3173B41E600FF8C02 /* myrandom.cpp */; };
		0027F6F41760C4F3001D4F56 /* ptc2Grow.cpp in Sources */ = {isa = PBXBuildFile; fileRef = 0098DFEA173B41E600FF8C02 /* ptc2Grow.cpp */; };
		0027F6F51760C4F3001D4F56 /* TournamentBreeder.cpp in Sources */ = {isa = PBXBuildFile; fileRef = 0098DFEF173B41E600FF8C02 /* TournamentBreeder.cpp */; };
		0027F6F61760C4F3001D4F56 /* spatialRobocodeCreatureDelta.cpp in Sources */ = {isa = PBXBuildFile; fileRef = 00ADF28E17448CB2004FCE54 /* spatialRobocodeCreatureDelta.cpp */; };
		0027F6F71760C4F3001D4F56 /* robocodeTheta.cpp in Sources */ = {isa = PBXBuildFile; fileRef = 0054003113725EE30008E5AB /* robocodeTheta.cpp */; };
		0027F6F81760C4F3001D4F56 /* spatial.cpp in Sources */ = {isa = PBXBuildFile; fileRef = 00ADF2941748C667004FCE54 /* spatial.cpp */; };
		0027F6FB1760C4F3001D4F56 /* Robocode.1 in CopyFiles */ = {isa = PBXBuildFile; fileRef = C6859E8B029090EE04C91782 /* Robocode.1 */; };
		0027F7021760C53E001D4F56 /* RobocodeDeltaTestMain.cpp in Sources */ = {isa = PBXBuildFile; fileRef = 0027F7001760C536001D4F56 /* RobocodeDeltaTestMain.cpp */; };
		00DA2AB712863B77003F9E66 /* robocodeBeta.cpp in Sources */ = {isa = PBXBuildFile; fileRef = 0080AE5C1263ACEC00631E8B /* robocodeBeta.cpp */; };
		00DA2ABC12863B77003F9E66 /* Robocode.1 in CopyFiles */ = {isa = PBXBuildFile; fileRef = C6859E8B029090EE04C91782 /* Robocode.1 */; };
		00DA2AD512863BBC003F9E66 /* RobocodeMvPMain.cpp in Sources */ = {isa = PBXBuildFile; fileRef = 00DA2AD412863BBC003F9E66 /* RobocodeMvPMain.cpp */; };
		00DA2ADE12863BFA003F9E66 /* spatialRobocodeCreatureMvP.cpp in Sources */ = {isa = PBXBuildFile; fileRef = 00DA2ADC12863BFA003F9E66 /* spatialRobocodeCreatureMvP.cpp */; };
		00FCD2F11744CCCB00AB6E47 /* spatial.cpp in Sources */ = {isa = PBXBuildFile; fileRef = 00FCD2EF1744CCCB00AB6E47 /* spatial.cpp */; };
		00FCD2F21744CCCB00AB6E47 /* spatial.cpp in Sources */ = {isa = PBXBuildFile; fileRef = 00FCD2EF1744CCCB00AB6E47 /* spatial.cpp */; };
		8DD76F6A0486A84900D96B5E /* Robocode.1 in CopyFiles */ = {isa = PBXBuildFile; fileRef = C6859E8B029090EE04C91782 /* Robocode.1 */; };
/* End PBXBuildFile section */

/* Begin PBXCopyFilesBuildPhase section */
		0027F6FA1760C4F3001D4F56 /* CopyFiles */ = {
			isa = PBXCopyFilesBuildPhase;
			buildActionMask = 8;
			dstPath = /usr/share/man/man1/;
			dstSubfolderSpec = 0;
			files = (
				0027F6FB1760C4F3001D4F56 /* Robocode.1 in CopyFiles */,
			);
			runOnlyForDeploymentPostprocessing = 1;
		};
		004F5107173A4F4200E9BF62 /* CopyFiles */ = {
			isa = PBXCopyFilesBuildPhase;
			buildActionMask = 8;
			dstPath = /usr/share/man/man1/;
			dstSubfolderSpec = 0;
			files = (
				004F5108173A4F4200E9BF62 /* Robocode.1 in CopyFiles */,
			);
			runOnlyForDeploymentPostprocessing = 1;
		};
		0054001A1371298C0008E5AB /* CopyFiles */ = {
			isa = PBXCopyFilesBuildPhase;
			buildActionMask = 8;
			dstPath = /usr/share/man/man1/;
			dstSubfolderSpec = 0;
			files = (
				0054001B1371298C0008E5AB /* Robocode.1 in CopyFiles */,
			);
			runOnlyForDeploymentPostprocessing = 1;
		};
		0080AE8112648B7200631E8B /* CopyFiles */ = {
			isa = PBXCopyFilesBuildPhase;
			buildActionMask = 8;
			dstPath = /usr/share/man/man1/;
			dstSubfolderSpec = 0;
			files = (
				0080AE8212648B7200631E8B /* Robocode.1 in CopyFiles */,
			);
			runOnlyForDeploymentPostprocessing = 1;
		};
		00DA2ABB12863B77003F9E66 /* CopyFiles */ = {
			isa = PBXCopyFilesBuildPhase;
			buildActionMask = 8;
			dstPath = /usr/share/man/man1/;
			dstSubfolderSpec = 0;
			files = (
				00DA2ABC12863B77003F9E66 /* Robocode.1 in CopyFiles */,
			);
			runOnlyForDeploymentPostprocessing = 1;
		};
		8DD76F690486A84900D96B5E /* CopyFiles */ = {
			isa = PBXCopyFilesBuildPhase;
			buildActionMask = 8;
			dstPath = /usr/share/man/man1/;
			dstSubfolderSpec = 0;
			files = (
				8DD76F6A0486A84900D96B5E /* Robocode.1 in CopyFiles */,
			);
			runOnlyForDeploymentPostprocessing = 1;
		};
/* End PBXCopyFilesBuildPhase section */

/* Begin PBXFileReference section */
		004F510C173A4F4200E9BF62 /* RobocodeTheta copy */ = {isa = PBXFileReference; explicitFileType = "compiled.mach-o.executable"; includeInIndex = 0; path = "RobocodeTheta copy"; sourceTree = BUILT_PRODUCTS_DIR; };
		004F510D173A4FB300E9BF62 /* robocodeDelta.cpp */ = {isa = PBXFileReference; fileEncoding = 4; lastKnownFileType = sourcecode.cpp.cpp; path = robocodeDelta.cpp; sourceTree = "<group>"; };
		004F510E173A4FB300E9BF62 /* robocodeDelta.h */ = {isa = PBXFileReference; fileEncoding = 4; lastKnownFileType = sourcecode.c.h; path = robocodeDelta.h; sourceTree = "<group>"; };
		004F5110173A503900E9BF62 /* RobocodeDeltaMain.cpp */ = {isa = PBXFileReference; fileEncoding = 4; lastKnownFileType = sourcecode.cpp.cpp; path = RobocodeDeltaMain.cpp; sourceTree = "<group>"; };
		0054001F1371298C0008E5AB /* Robocode */ = {isa = PBXFileReference; explicitFileType = "compiled.mach-o.executable"; includeInIndex = 0; path = Robocode; sourceTree = BUILT_PRODUCTS_DIR; };
		00540021137129B40008E5AB /* spatialRobocodeCreatureTheta.cpp */ = {isa = PBXFileReference; fileEncoding = 4; lastKnownFileType = sourcecode.cpp.cpp; path = spatialRobocodeCreatureTheta.cpp; sourceTree = "<group>"; };
		00540022137129B40008E5AB /* spatialRobocodeCreatureTheta.h */ = {isa = PBXFileReference; fileEncoding = 4; lastKnownFileType = sourcecode.c.h; path = spatialRobocodeCreatureTheta.h; sourceTree = "<group>"; };
		0054002613725E5F0008E5AB /* RobocodeThetaMain.cpp */ = {isa = PBXFileReference; fileEncoding = 4; lastKnownFileType = sourcecode.cpp.cpp; path = RobocodeThetaMain.cpp; sourceTree = "<group>"; };
		0054003113725EE30008E5AB /* robocodeTheta.cpp */ = {isa = PBXFileReference; fileEncoding = 4; lastKnownFileType = sourcecode.cpp.cpp; path = robocodeTheta.cpp; sourceTree = "<group>"; };
		0054003213725EE30008E5AB /* robocodeTheta.h */ = {isa = PBXFileReference; fileEncoding = 4; lastKnownFileType = sourcecode.c.h; path = robocodeTheta.h; sourceTree = "<group>"; };
		00542EED123F2F4D0026C2F8 /* robocodeAlpha.cpp */ = {isa = PBXFileReference; fileEncoding = 4; lastKnownFileType = sourcecode.cpp.cpp; path = robocodeAlpha.cpp; sourceTree = "<group>"; };
		00542EEE123F2F4D0026C2F8 /* robocodeAlpha.h */ = {isa = PBXFileReference; fileEncoding = 4; lastKnownFileType = sourcecode.c.h; path = robocodeAlpha.h; sourceTree = "<group>"; };
		0080AE5C1263ACEC00631E8B /* robocodeBeta.cpp */ = {isa = PBXFileReference; fileEncoding = 4; lastKnownFileType = sourcecode.cpp.cpp; path = robocodeBeta.cpp; sourceTree = "<group>"; };
		0080AE5D1263ACEC00631E8B /* robocodeBeta.h */ = {isa = PBXFileReference; fileEncoding = 4; lastKnownFileType = sourcecode.c.h; path = robocodeBeta.h; sourceTree = "<group>"; };
		0080AE8612648B7200631E8B /* Robocode */ = {isa = PBXFileReference; explicitFileType = "compiled.mach-o.executable"; includeInIndex = 0; path = Robocode; sourceTree = BUILT_PRODUCTS_DIR; };
		0080AE9A12648BA000631E8B /* RobocodeBetaMain.cpp */ = {isa = PBXFileReference; fileEncoding = 4; lastKnownFileType = sourcecode.cpp.cpp; path = RobocodeBetaMain.cpp; sourceTree = "<group>"; };
		0080AF2F126C3BCC00631E8B /* spatialRobocodeCreatureBeta.cpp */ = {isa = PBXFileReference; fileEncoding = 4; lastKnownFileType = sourcecode.cpp.cpp; path = spatialRobocodeCreatureBeta.cpp; sourceTree = "<group>"; };
		0080AF30126C3BCC00631E8B /* spatialRobocodeCreatureBeta.h */ = {isa = PBXFileReference; fileEncoding = 4; lastKnownFileType = sourcecode.c.h; path = spatialRobocodeCreatureBeta.h; sourceTree = "<group>"; };
		0098DFD4173B41E600FF8C02 /* BreederBase.h */ = {isa = PBXFileReference; fileEncoding = 4; lastKnownFileType = sourcecode.c.h; path = BreederBase.h; sourceTree = "<group>"; };
		0098DFD5173B41E600FF8C02 /* critter.cpp */ = {isa = PBXFileReference; fileEncoding = 4; lastKnownFileType = sourcecode.cpp.cpp; path = critter.cpp; sourceTree = "<group>"; };
		0098DFD6173B41E600FF8C02 /* critter.h */ = {isa = PBXFileReference; fileEncoding = 4; lastKnownFileType = sourcecode.c.h; path = critter.h; sourceTree = "<group>"; };
		0098DFD7173B41E600FF8C02 /* DataCollector.cpp */ = {isa = PBXFileReference; fileEncoding = 4; lastKnownFileType = sourcecode.cpp.cpp; path = DataCollector.cpp; sourceTree = "<group>"; };
		0098DFD8173B41E600FF8C02 /* DataCollector.h */ = {isa = PBXFileReference; fileEncoding = 4; lastKnownFileType = sourcecode.c.h; path = DataCollector.h; sourceTree = "<group>"; };
		0098DFD9173B41E600FF8C02 /* entity.cpp */ = {isa = PBXFileReference; fileEncoding = 4; lastKnownFileType = sourcecode.cpp.cpp; path = entity.cpp; sourceTree = "<group>"; };
		0098DFDA173B41E600FF8C02 /* entity.h */ = {isa = PBXFileReference; fileEncoding = 4; lastKnownFileType = sourcecode.c.h; path = entity.h; sourceTree = "<group>"; };
		0098DFDB173B41E600FF8C02 /* functions.cpp */ = {isa = PBXFileReference; fileEncoding = 4; lastKnownFileType = sourcecode.cpp.cpp; path = functions.cpp; sourceTree = "<group>"; };
		0098DFDC173B41E600FF8C02 /* functions.h */ = {isa = PBXFileReference; fileEncoding = 4; lastKnownFileType = sourcecode.c.h; path = functions.h; sourceTree = "<group>"; };
		0098DFDD173B41E600FF8C02 /* grammarBase.h */ = {isa = PBXFileReference; fileEncoding = 4; lastKnownFileType = sourcecode.c.h; path = grammarBase.h; sourceTree = "<group>"; };
		0098DFDE173B41E600FF8C02 /* interpreterBase.h */ = {isa = PBXFileReference; fileEncoding = 4; lastKnownFileType = sourcecode.c.h; path = interpreterBase.h; sourceTree = "<group>"; };
		0098DFE3173B41E600FF8C02 /* myrandom.cpp */ = {isa = PBXFileReference; fileEncoding = 4; lastKnownFileType = sourcecode.cpp.cpp; path = myrandom.cpp; sourceTree = "<group>"; };
		0098DFE4173B41E600FF8C02 /* myrandom.h */ = {isa = PBXFileReference; fileEncoding = 4; lastKnownFileType = sourcecode.c.h; path = myrandom.h; sourceTree = "<group>"; };
		0098DFE5173B41E600FF8C02 /* params.h */ = {isa = PBXFileReference; fileEncoding = 4; lastKnownFileType = sourcecode.c.h; path = params.h; sourceTree = "<group>"; };
		0098DFE6173B41E600FF8C02 /* popHandlerBase.cpp */ = {isa = PBXFileReference; fileEncoding = 4; lastKnownFileType = sourcecode.cpp.cpp; path = popHandlerBase.cpp; sourceTree = "<group>"; };
		0098DFE7173B41E600FF8C02 /* popHandlerBase.h */ = {isa = PBXFileReference; fileEncoding = 4; lastKnownFileType = sourcecode.c.h; path = popHandlerBase.h; sourceTree = "<group>"; };
		0098DFEA173B41E600FF8C02 /* ptc2Grow.cpp */ = {isa = PBXFileReference; fileEncoding = 4; lastKnownFileType = sourcecode.cpp.cpp; path = ptc2Grow.cpp; sourceTree = "<group>"; };
		0098DFEB173B41E600FF8C02 /* ptc2Grow.h */ = {isa = PBXFileReference; fileEncoding = 4; lastKnownFileType = sourcecode.c.h; path = ptc2Grow.h; sourceTree = "<group>"; };
		0098DFEC173B41E600FF8C02 /* singlePopHandler.cpp */ = {isa = PBXFileReference; fileEncoding = 4; lastKnownFileType = sourcecode.cpp.cpp; path = singlePopHandler.cpp; sourceTree = "<group>"; };
		0098DFED173B41E600FF8C02 /* singlePopHandler.h */ = {isa = PBXFileReference; fileEncoding = 4; lastKnownFileType = sourcecode.c.h; path = singlePopHandler.h; sourceTree = "<group>"; };
		0098DFEF173B41E600FF8C02 /* TournamentBreeder.cpp */ = {isa = PBXFileReference; fileEncoding = 4; lastKnownFileType = sourcecode.cpp.cpp; path = TournamentBreeder.cpp; sourceTree = "<group>"; };
		0098DFF0173B41E600FF8C02 /* TournamentBreeder.h */ = {isa = PBXFileReference; fileEncoding = 4; lastKnownFileType = sourcecode.c.h; path = TournamentBreeder.h; sourceTree = "<group>"; };
		00ADF28E17448CB2004FCE54 /* spatialRobocodeCreatureDelta.cpp */ = {isa = PBXFileReference; fileEncoding = 4; lastKnownFileType = sourcecode.cpp.cpp; path = spatialRobocodeCreatureDelta.cpp; sourceTree = "<group>"; };
		00ADF28F17448CB2004FCE54 /* spatialRobocodeCreatureDelta.h */ = {isa = PBXFileReference; fileEncoding = 4; lastKnownFileType = sourcecode.c.h; path = spatialRobocodeCreatureDelta.h; sourceTree = "<group>"; };
		00ADF2931748C667004FCE54 /* spatial.h */ = {isa = PBXFileReference; fileEncoding = 4; lastKnownFileType = sourcecode.c.h; name = spatial.h; path = Spatial/spatial.h; sourceTree = "<group>"; };
		00ADF2941748C667004FCE54 /* spatial.cpp */ = {isa = PBXFileReference; fileEncoding = 4; lastKnownFileType = sourcecode.cpp.cpp; name = spatial.cpp; path = Spatial/spatial.cpp; sourceTree = "<group>"; };
		00DA2AC012863B77003F9E66 /* Robocode */ = {isa = PBXFileReference; explicitFileType = "compiled.mach-o.executable"; includeInIndex = 0; path = Robocode; sourceTree = BUILT_PRODUCTS_DIR; };
		00DA2AD412863BBC003F9E66 /* RobocodeMvPMain.cpp */ = {isa = PBXFileReference; fileEncoding = 4; lastKnownFileType = sourcecode.cpp.cpp; path = RobocodeMvPMain.cpp; sourceTree = "<group>"; };
		00DA2ADC12863BFA003F9E66 /* spatialRobocodeCreatureMvP.cpp */ = {isa = PBXFileReference; fileEncoding = 4; lastKnownFileType = sourcecode.cpp.cpp; path = spatialRobocodeCreatureMvP.cpp; sourceTree = "<group>"; };
		00DA2ADD12863BFA003F9E66 /* spatialRobocodeCreatureMvP.h */ = {isa = PBXFileReference; fileEncoding = 4; lastKnownFileType = sourcecode.c.h; path = spatialRobocodeCreatureMvP.h; sourceTree = "<group>"; };
		00FCD2EF1744CCCB00AB6E47 /* spatial.cpp */ = {isa = PBXFileReference; fileEncoding = 4; lastKnownFileType = sourcecode.cpp.cpp; name = spatial.cpp; path = Spatial/spatial.cpp; sourceTree = "<group>"; };
		00FCD2F01744CCCB00AB6E47 /* spatial.h */ = {isa = PBXFileReference; fileEncoding = 4; lastKnownFileType = sourcecode.c.h; name = spatial.h; path = Spatial/spatial.h; sourceTree = "<group>"; };
		08FB7796FE84155DC02AAC07 /* main.cpp */ = {isa = PBXFileReference; fileEncoding = 4; lastKnownFileType = sourcecode.cpp.cpp; path = main.cpp; sourceTree = "<group>"; };
		8DD76F6C0486A84900D96B5E /* Robocode */ = {isa = PBXFileReference; explicitFileType = "compiled.mach-o.executable"; includeInIndex = 0; path = Robocode; sourceTree = BUILT_PRODUCTS_DIR; };
		C6859E8B029090EE04C91782 /* Robocode.1 */ = {isa = PBXFileReference; lastKnownFileType = text.man; path = Robocode.1; sourceTree = "<group>"; };
/* End PBXFileReference section */

/* Begin PBXFrameworksBuildPhase section */
		0027F6F91760C4F3001D4F56 /* Frameworks */ = {
			isa = PBXFrameworksBuildPhase;
			buildActionMask = 2147483647;
			files = (
			);
			runOnlyForDeploymentPostprocessing = 0;
		};
		004F5106173A4F4200E9BF62 /* Frameworks */ = {
			isa = PBXFrameworksBuildPhase;
			buildActionMask = 2147483647;
			files = (
			);
			runOnlyForDeploymentPostprocessing = 0;
		};
		005400191371298C0008E5AB /* Frameworks */ = {
			isa = PBXFrameworksBuildPhase;
			buildActionMask = 2147483647;
			files = (
			);
			runOnlyForDeploymentPostprocessing = 0;
		};
		0080AE8012648B7200631E8B /* Frameworks */ = {
			isa = PBXFrameworksBuildPhase;
			buildActionMask = 2147483647;
			files = (
			);
			runOnlyForDeploymentPostprocessing = 0;
		};
		00DA2ABA12863B77003F9E66 /* Frameworks */ = {
			isa = PBXFrameworksBuildPhase;
			buildActionMask = 2147483647;
			files = (
			);
			runOnlyForDeploymentPostprocessing = 0;
		};
		8DD76F660486A84900D96B5E /* Frameworks */ = {
			isa = PBXFrameworksBuildPhase;
			buildActionMask = 2147483647;
			files = (
			);
			runOnlyForDeploymentPostprocessing = 0;
		};
/* End PBXFrameworksBuildPhase section */

/* Begin PBXGroup section */
		0098DFD3173B41E600FF8C02 /* Base */ = {
			isa = PBXGroup;
			children = (
				0098DFD4173B41E600FF8C02 /* BreederBase.h */,
				0098DFD5173B41E600FF8C02 /* critter.cpp */,
				0098DFD6173B41E600FF8C02 /* critter.h */,
				0098DFD7173B41E600FF8C02 /* DataCollector.cpp */,
				0098DFD8173B41E600FF8C02 /* DataCollector.h */,
				0098DFD9173B41E600FF8C02 /* entity.cpp */,
				0098DFDA173B41E600FF8C02 /* entity.h */,
				0098DFDB173B41E600FF8C02 /* functions.cpp */,
				0098DFDC173B41E600FF8C02 /* functions.h */,
				0098DFDD173B41E600FF8C02 /* grammarBase.h */,
				0098DFDE173B41E600FF8C02 /* interpreterBase.h */,
				0098DFE3173B41E600FF8C02 /* myrandom.cpp */,
				0098DFE4173B41E600FF8C02 /* myrandom.h */,
				0098DFE5173B41E600FF8C02 /* params.h */,
				0098DFE6173B41E600FF8C02 /* popHandlerBase.cpp */,
				0098DFE7173B41E600FF8C02 /* popHandlerBase.h */,
				0098DFEA173B41E600FF8C02 /* ptc2Grow.cpp */,
				0098DFEB173B41E600FF8C02 /* ptc2Grow.h */,
				0098DFEC173B41E600FF8C02 /* singlePopHandler.cpp */,
				0098DFED173B41E600FF8C02 /* singlePopHandler.h */,
				0098DFEF173B41E600FF8C02 /* TournamentBreeder.cpp */,
				0098DFF0173B41E600FF8C02 /* TournamentBreeder.h */,
			);
			path = Base;
			sourceTree = "<group>";
		};
		08FB7794FE84155DC02AAC07 /* Robocode */ = {
			isa = PBXGroup;
			children = (
				08FB7795FE84155DC02AAC07 /* Source */,
				C6859E8C029090F304C91782 /* Documentation */,
				1AB674ADFE9D54B511CA2CBB /* Products */,
			);
			name = Robocode;
			sourceTree = "<group>";
		};
		08FB7795FE84155DC02AAC07 /* Source */ = {
			isa = PBXGroup;
			children = (
				00FCD2EF1744CCCB00AB6E47 /* spatial.cpp */,
				00FCD2F01744CCCB00AB6E47 /* spatial.h */,
				00ADF28E17448CB2004FCE54 /* spatialRobocodeCreatureDelta.cpp */,
				00ADF28F17448CB2004FCE54 /* spatialRobocodeCreatureDelta.h */,
				0098DFD3173B41E600FF8C02 /* Base */,
				004F510D173A4FB300E9BF62 /* robocodeDelta.cpp */,
				004F510E173A4FB300E9BF62 /* robocodeDelta.h */,
				0054003113725EE30008E5AB /* robocodeTheta.cpp */,
				0054003213725EE30008E5AB /* robocodeTheta.h */,
				00540021137129B40008E5AB /* spatialRobocodeCreatureTheta.cpp */,
				00540022137129B40008E5AB /* spatialRobocodeCreatureTheta.h */,
				0080AF2F126C3BCC00631E8B /* spatialRobocodeCreatureBeta.cpp */,
				0080AF30126C3BCC00631E8B /* spatialRobocodeCreatureBeta.h */,
				00DA2ADC12863BFA003F9E66 /* spatialRobocodeCreatureMvP.cpp */,
				00DA2ADD12863BFA003F9E66 /* spatialRobocodeCreatureMvP.h */,
				0080AE5C1263ACEC00631E8B /* robocodeBeta.cpp */,
				0080AE5D1263ACEC00631E8B /* robocodeBeta.h */,
				00542EED123F2F4D0026C2F8 /* robocodeAlpha.cpp */,
				00542EEE123F2F4D0026C2F8 /* robocodeAlpha.h */,
				08FB7796FE84155DC02AAC07 /* main.cpp */,
				0054002613725E5F0008E5AB /* RobocodeThetaMain.cpp */,
				004F5110173A503900E9BF62 /* RobocodeDeltaMain.cpp */,
				00DA2AD412863BBC003F9E66 /* RobocodeMvPMain.cpp */,
				0080AE9A12648BA000631E8B /* RobocodeBetaMain.cpp */,
			);
			name = Source;
			sourceTree = "<group>";
		};
		1AB674ADFE9D54B511CA2CBB /* Products */ = {
			isa = PBXGroup;
			children = (
				8DD76F6C0486A84900D96B5E /* Robocode */,
				0080AE8612648B7200631E8B /* Robocode */,
				00DA2AC012863B77003F9E66 /* Robocode */,
				0054001F1371298C0008E5AB /* Robocode */,
				004F510C173A4F4200E9BF62 /* RobocodeTheta copy */,
				0027F6FF1760C4F3001D4F56 /* RobocodeDelta copy */,
			);
			name = Products;
			sourceTree = "<group>";
		};
		C6859E8C029090F304C91782 /* Documentation */ = {
			isa = PBXGroup;
			children = (
				C6859E8B029090EE04C91782 /* Robocode.1 */,
			);
			name = Documentation;
			sourceTree = "<group>";
		};
/* End PBXGroup section */

/* Begin PBXNativeTarget section */
		0027F6EB1760C4F3001D4F56 /* RobocodeDelta copy */ = {
			isa = PBXNativeTarget;
			buildConfigurationList = 0027F6FC1760C4F3001D4F56 /* Build configuration list for PBXNativeTarget "RobocodeDelta copy" */;
			buildPhases = (
				0027F6EC1760C4F3001D4F56 /* Sources */,
				0027F6F91760C4F3001D4F56 /* Frameworks */,
				0027F6FA1760C4F3001D4F56 /* CopyFiles */,
			);
			buildRules = (
			);
			dependencies = (
			);
			name = "RobocodeDelta copy";
			productInstallPath = "$(HOME)/bin";
			productName = Robocode;
			productReference = 0027F6FF1760C4F3001D4F56 /* RobocodeDelta copy */;
			productType = "com.apple.product-type.tool";
		};
		004F50F6173A4F4200E9BF62 /* RobocodeDelta */ = {
			isa = PBXNativeTarget;
			buildConfigurationList = 004F5109173A4F4200E9BF62 /* Build configuration list for PBXNativeTarget "RobocodeDelta" */;
			buildPhases = (
				004F50F7173A4F4200E9BF62 /* Sources */,
				004F5106173A4F4200E9BF62 /* Frameworks */,
				004F5107173A4F4200E9BF62 /* CopyFiles */,
			);
			buildRules = (
			);
			dependencies = (
			);
			name = RobocodeDelta;
			productInstallPath = "$(HOME)/bin";
			productName = Robocode;
			productReference = 004F510C173A4F4200E9BF62 /* RobocodeTheta copy */;
			productType = "com.apple.product-type.tool";
		};
		0054000A1371298C0008E5AB /* RobocodeTheta */ = {
			isa = PBXNativeTarget;
			buildConfigurationList = 0054001C1371298C0008E5AB /* Build configuration list for PBXNativeTarget "RobocodeTheta" */;
			buildPhases = (
				0054000B1371298C0008E5AB /* Sources */,
				005400191371298C0008E5AB /* Frameworks */,
				0054001A1371298C0008E5AB /* CopyFiles */,
			);
			buildRules = (
			);
			dependencies = (
			);
			name = RobocodeTheta;
			productInstallPath = "$(HOME)/bin";
			productName = Robocode;
			productReference = 0054001F1371298C0008E5AB /* Robocode */;
			productType = "com.apple.product-type.tool";
		};
		0080AE7112648B7200631E8B /* RobocodeBeta */ = {
			isa = PBXNativeTarget;
			buildConfigurationList = 0080AE8312648B7200631E8B /* Build configuration list for PBXNativeTarget "RobocodeBeta" */;
			buildPhases = (
				0080AE7212648B7200631E8B /* Sources */,
				0080AE8012648B7200631E8B /* Frameworks */,
				0080AE8112648B7200631E8B /* CopyFiles */,
			);
			buildRules = (
			);
			dependencies = (
			);
			name = RobocodeBeta;
			productInstallPath = "$(HOME)/bin";
			productName = Robocode;
			productReference = 0080AE8612648B7200631E8B /* Robocode */;
			productType = "com.apple.product-type.tool";
		};
		00DA2AA912863B77003F9E66 /* RobocodeMvP */ = {
			isa = PBXNativeTarget;
			buildConfigurationList = 00DA2ABD12863B77003F9E66 /* Build configuration list for PBXNativeTarget "RobocodeMvP" */;
			buildPhases = (
				00DA2AAA12863B77003F9E66 /* Sources */,
				00DA2ABA12863B77003F9E66 /* Frameworks */,
				00DA2ABB12863B77003F9E66 /* CopyFiles */,
			);
			buildRules = (
			);
			dependencies = (
			);
			name = RobocodeMvP;
			productInstallPath = "$(HOME)/bin";
			productName = Robocode;
			productReference = 00DA2AC012863B77003F9E66 /* Robocode */;
			productType = "com.apple.product-type.tool";
		};
		8DD76F620486A84900D96B5E /* Robocode */ = {
			isa = PBXNativeTarget;
			buildConfigurationList = 1DEB923108733DC60010E9CD /* Build configuration list for PBXNativeTarget "Robocode" */;
			buildPhases = (
				8DD76F640486A84900D96B5E /* Sources */,
				8DD76F660486A84900D96B5E /* Frameworks */,
				8DD76F690486A84900D96B5E /* CopyFiles */,
			);
			buildRules = (
			);
			dependencies = (
			);
			name = Robocode;
			productInstallPath = "$(HOME)/bin";
			productName = Robocode;
			productReference = 8DD76F6C0486A84900D96B5E /* Robocode */;
			productType = "com.apple.product-type.tool";
		};
/* End PBXNativeTarget section */

/* Begin PBXProject section */
		08FB7793FE84155DC02AAC07 /* Project object */ = {
			isa = PBXProject;
			attributes = {
				LastUpgradeCheck = 0460;
			};
			buildConfigurationList = 1DEB923508733DC60010E9CD /* Build configuration list for PBXProject "Robocode" */;
			compatibilityVersion = "Xcode 3.2";
			developmentRegion = English;
			hasScannedForEncodings = 1;
			knownRegions = (
				English,
				Japanese,
				French,
				German,
			);
			mainGroup = 08FB7794FE84155DC02AAC07 /* Robocode */;
			projectDirPath = "";
			projectRoot = "";
			targets = (
				8DD76F620486A84900D96B5E /* Robocode */,
				0080AE7112648B7200631E8B /* RobocodeBeta */,
				00DA2AA912863B77003F9E66 /* RobocodeMvP */,
				0054000A1371298C0008E5AB /* RobocodeTheta */,
				004F50F6173A4F4200E9BF62 /* RobocodeDelta */,
				0027F6EB1760C4F3001D4F56 /* RobocodeDelta copy */,
			);
		};
/* End PBXProject section */

/* Begin PBXSourcesBuildPhase section */
		0027F6EC1760C4F3001D4F56 /* Sources */ = {
			isa = PBXSourcesBuildPhase;
			buildActionMask = 2147483647;
			files = (
				0027F6ED1760C4F3001D4F56 /* robocodeDelta.cpp in Sources */,
				0027F6EF1760C4F3001D4F56 /* critter.cpp in Sources */,
				0027F6F01760C4F3001D4F56 /* DataCollector.cpp in Sources */,
				0027F6F11760C4F3001D4F56 /* entity.cpp in Sources */,
				0027F6F21760C4F3001D4F56 /* functions.cpp in Sources */,
				0027F6F31760C4F3001D4F56 /* myrandom.cpp in Sources */,
				0027F6F41760C4F3001D4F56 /* ptc2Grow.cpp in Sources */,
				0027F6F51760C4F3001D4F56 /* TournamentBreeder.cpp in Sources */,
				0027F6F61760C4F3001D4F56 /* spatialRobocodeCreatureDelta.cpp in Sources */,
				0027F6F71760C4F3001D4F56 /* robocodeTheta.cpp in Sources */,
				0027F6F81760C4F3001D4F56 /* spatial.cpp in Sources */,
				0027F7021760C53E001D4F56 /* RobocodeDeltaTestMain.cpp in Sources */,
			);
			runOnlyForDeploymentPostprocessing = 0;
		};
		004F50F7173A4F4200E9BF62 /* Sources */ = {
			isa = PBXSourcesBuildPhase;
			buildActionMask = 2147483647;
			files = (
				004F510F173A4FB300E9BF62 /* robocodeDelta.cpp in Sources */,
				004F5112173A503900E9BF62 /* RobocodeDeltaMain.cpp in Sources */,
				0098DFFE173B41FE00FF8C02 /* critter.cpp in Sources */,
				0098DFFF173B420200FF8C02 /* DataCollector.cpp in Sources */,
				0098E000173B420500FF8C02 /* entity.cpp in Sources */,
				0098E001173B420A00FF8C02 /* functions.cpp in Sources */,
				0098E002173B421900FF8C02 /* myrandom.cpp in Sources */,
				0098E003173B423600FF8C02 /* ptc2Grow.cpp in Sources */,
				0098E004173B424800FF8C02 /* TournamentBreeder.cpp in Sources */,
				00ADF29017448CB2004FCE54 /* spatialRobocodeCreatureDelta.cpp in Sources */,
				00ADF29117448FF8004FCE54 /* robocodeTheta.cpp in Sources */,
				00FCD2F21744CCCB00AB6E47 /* spatial.cpp in Sources */,
			);
			runOnlyForDeploymentPostprocessing = 0;
		};
		0054000B1371298C0008E5AB /* Sources */ = {
			isa = PBXSourcesBuildPhase;
			buildActionMask = 2147483647;
			files = (
				005400141371298C0008E5AB /* robocodeAlpha.cpp in Sources */,
				005400161371298C0008E5AB /* robocodeBeta.cpp in Sources */,
				00540023137129B40008E5AB /* spatialRobocodeCreatureTheta.cpp in Sources */,
				0054002713725E5F0008E5AB /* RobocodeThetaMain.cpp in Sources */,
				0054003313725EE30008E5AB /* robocodeTheta.cpp in Sources */,
			);
			runOnlyForDeploymentPostprocessing = 0;
		};
		0080AE7212648B7200631E8B /* Sources */ = {
			isa = PBXSourcesBuildPhase;
			buildActionMask = 2147483647;
			files = (
				0080AE7C12648B7200631E8B /* robocodeAlpha.cpp in Sources */,
				0080AE7F12648B7200631E8B /* robocodeBeta.cpp in Sources */,
				0080AE9B12648BA000631E8B /* RobocodeBetaMain.cpp in Sources */,
				0080AF31126C3BCC00631E8B /* spatialRobocodeCreatureBeta.cpp in Sources */,
			);
			runOnlyForDeploymentPostprocessing = 0;
		};
		00DA2AAA12863B77003F9E66 /* Sources */ = {
			isa = PBXSourcesBuildPhase;
			buildActionMask = 2147483647;
			files = (
				00DA2AB712863B77003F9E66 /* robocodeBeta.cpp in Sources */,
				00DA2AD512863BBC003F9E66 /* RobocodeMvPMain.cpp in Sources */,
				00DA2ADE12863BFA003F9E66 /* spatialRobocodeCreatureMvP.cpp in Sources */,
			);
			runOnlyForDeploymentPostprocessing = 0;
		};
		8DD76F640486A84900D96B5E /* Sources */ = {
			isa = PBXSourcesBuildPhase;
			buildActionMask = 2147483647;
			files = (
				0080AE5E1263ACEC00631E8B /* robocodeBeta.cpp in Sources */,
				0080AE9F12648CCE00631E8B /* RobocodeBetaMain.cpp in Sources */,
				0080AF33126D068C00631E8B /* spatialRobocodeCreatureBeta.cpp in Sources */,
				0098DFF1173B41E600FF8C02 /* critter.cpp in Sources */,
				0098DFF2173B41E600FF8C02 /* DataCollector.cpp in Sources */,
				0098DFF3173B41E600FF8C02 /* entity.cpp in Sources */,
				0098DFF4173B41E600FF8C02 /* functions.cpp in Sources */,
				0098DFF7173B41E600FF8C02 /* myrandom.cpp in Sources */,
				0098DFF8173B41E600FF8C02 /* popHandlerBase.cpp in Sources */,
				0098DFFA173B41E600FF8C02 /* ptc2Grow.cpp in Sources */,
				0098DFFB173B41E600FF8C02 /* singlePopHandler.cpp in Sources */,
				0098DFFD173B41E600FF8C02 /* TournamentBreeder.cpp in Sources */,
				00FCD2F11744CCCB00AB6E47 /* spatial.cpp in Sources */,
			);
			runOnlyForDeploymentPostprocessing = 0;
		};
/* End PBXSourcesBuildPhase section */

/* Begin XCBuildConfiguration section */
		0027F6FD1760C4F3001D4F56 /* Debug */ = {
			isa = XCBuildConfiguration;
			buildSettings = {
				ALWAYS_SEARCH_USER_PATHS = YES;
				CLANG_CXX_LANGUAGE_STANDARD = "gnu++0x";
				CLANG_CXX_LIBRARY = "compiler-default";
				COPY_PHASE_STRIP = NO;
				GCC_C_LANGUAGE_STANDARD = gnu11;
				GCC_DYNAMIC_NO_PIC = NO;
				GCC_MODEL_TUNING = G5;
				GCC_OPTIMIZATION_LEVEL = 0;
				HEADER_SEARCH_PATHS = /usr/local/include;
				INSTALL_PATH = /usr/local/bin;
				PRODUCT_NAME = "RobocodeDelta copy";
			};
			name = Debug;
		};
		0027F6FE1760C4F3001D4F56 /* Release */ = {
			isa = XCBuildConfiguration;
			buildSettings = {
				ALWAYS_SEARCH_USER_PATHS = NO;
				CLANG_CXX_LANGUAGE_STANDARD = "gnu++0x";
				CLANG_CXX_LIBRARY = "compiler-default";
				DEBUG_INFORMATION_FORMAT = "dwarf-with-dsym";
				GCC_C_LANGUAGE_STANDARD = gnu11;
				GCC_MODEL_TUNING = G5;
				INSTALL_PATH = /usr/local/bin;
				PRODUCT_NAME = "RobocodeDelta copy";
			};
			name = Release;
		};
		004F510A173A4F4200E9BF62 /* Debug */ = {
			isa = XCBuildConfiguration;
			buildSettings = {
				ALWAYS_SEARCH_USER_PATHS = YES;
				CLANG_CXX_LANGUAGE_STANDARD = "gnu++0x";
				CLANG_CXX_LIBRARY = "libstdc++";
				COPY_PHASE_STRIP = NO;
				GCC_DYNAMIC_NO_PIC = NO;
				GCC_MODEL_TUNING = G5;
				GCC_OPTIMIZATION_LEVEL = 0;
				HEADER_SEARCH_PATHS = /usr/local/include;
				INSTALL_PATH = /usr/local/bin;
				PRODUCT_NAME = "RobocodeTheta copy";
			};
			name = Debug;
		};
		004F510B173A4F4200E9BF62 /* Release */ = {
			isa = XCBuildConfiguration;
			buildSettings = {
				ALWAYS_SEARCH_USER_PATHS = NO;
				CLANG_CXX_LANGUAGE_STANDARD = "gnu++0x";
				CLANG_CXX_LIBRARY = "libstdc++";
				DEBUG_INFORMATION_FORMAT = "dwarf-with-dsym";
				GCC_MODEL_TUNING = G5;
				INSTALL_PATH = /usr/local/bin;
				PRODUCT_NAME = "RobocodeTheta copy";
			};
			name = Release;
		};
		0054001D1371298C0008E5AB /* Debug */ = {
			isa = XCBuildConfiguration;
			buildSettings = {
				ALWAYS_SEARCH_USER_PATHS = YES;
				COPY_PHASE_STRIP = NO;
				GCC_DYNAMIC_NO_PIC = NO;
				GCC_MODEL_TUNING = G5;
				GCC_OPTIMIZATION_LEVEL = 0;
				HEADER_SEARCH_PATHS = /usr/local/include;
				INSTALL_PATH = /usr/local/bin;
				PRODUCT_NAME = Robocode;
			};
			name = Debug;
		};
		0054001E1371298C0008E5AB /* Release */ = {
			isa = XCBuildConfiguration;
			buildSettings = {
				ALWAYS_SEARCH_USER_PATHS = NO;
				DEBUG_INFORMATION_FORMAT = "dwarf-with-dsym";
				GCC_MODEL_TUNING = G5;
				INSTALL_PATH = /usr/local/bin;
				PRODUCT_NAME = Robocode;
			};
			name = Release;
		};
		0080AE8412648B7200631E8B /* Debug */ = {
			isa = XCBuildConfiguration;
			buildSettings = {
				ALWAYS_SEARCH_USER_PATHS = YES;
				COPY_PHASE_STRIP = NO;
				GCC_DYNAMIC_NO_PIC = NO;
				GCC_MODEL_TUNING = G5;
				GCC_OPTIMIZATION_LEVEL = 0;
				HEADER_SEARCH_PATHS = /usr/local/include;
				INSTALL_PATH = /usr/local/bin;
				PRODUCT_NAME = Robocode;
			};
			name = Debug;
		};
		0080AE8512648B7200631E8B /* Release */ = {
			isa = XCBuildConfiguration;
			buildSettings = {
				ALWAYS_SEARCH_USER_PATHS = NO;
				DEBUG_INFORMATION_FORMAT = "dwarf-with-dsym";
				GCC_MODEL_TUNING = G5;
				INSTALL_PATH = /usr/local/bin;
				PRODUCT_NAME = Robocode;
			};
			name = Release;
		};
		00DA2ABE12863B77003F9E66 /* Debug */ = {
			isa = XCBuildConfiguration;
			buildSettings = {
				ALWAYS_SEARCH_USER_PATHS = YES;
				COPY_PHASE_STRIP = NO;
				GCC_DYNAMIC_NO_PIC = NO;
				GCC_MODEL_TUNING = G5;
				GCC_OPTIMIZATION_LEVEL = 0;
				HEADER_SEARCH_PATHS = /usr/local/include;
				INSTALL_PATH = /usr/local/bin;
				PRODUCT_NAME = Robocode;
			};
			name = Debug;
		};
		00DA2ABF12863B77003F9E66 /* Release */ = {
			isa = XCBuildConfiguration;
			buildSettings = {
				ALWAYS_SEARCH_USER_PATHS = NO;
				DEBUG_INFORMATION_FORMAT = "dwarf-with-dsym";
				GCC_MODEL_TUNING = G5;
				INSTALL_PATH = /usr/local/bin;
				PRODUCT_NAME = Robocode;
			};
			name = Release;
		};
		1DEB923208733DC60010E9CD /* Debug */ = {
			isa = XCBuildConfiguration;
			buildSettings = {
				ALWAYS_SEARCH_USER_PATHS = YES;
				COPY_PHASE_STRIP = NO;
				GCC_DYNAMIC_NO_PIC = NO;
				GCC_MODEL_TUNING = G5;
				GCC_OPTIMIZATION_LEVEL = 0;
				HEADER_SEARCH_PATHS = /usr/local/include;
				INSTALL_PATH = /usr/local/bin;
				PRODUCT_NAME = Robocode;
			};
			name = Debug;
		};
		1DEB923308733DC60010E9CD /* Release */ = {
			isa = XCBuildConfiguration;
			buildSettings = {
				ALWAYS_SEARCH_USER_PATHS = NO;
				DEBUG_INFORMATION_FORMAT = "dwarf-with-dsym";
				GCC_MODEL_TUNING = G5;
				INSTALL_PATH = /usr/local/bin;
				PRODUCT_NAME = Robocode;
			};
			name = Release;
		};
		1DEB923608733DC60010E9CD /* Debug */ = {
			isa = XCBuildConfiguration;
			buildSettings = {
				ARCHS = "$(ARCHS_STANDARD_32_64_BIT)";
				CLANG_CXX_LANGUAGE_STANDARD = "compiler-default";
				GCC_C_LANGUAGE_STANDARD = "compiler-default";
				GCC_OPTIMIZATION_LEVEL = 0;
				GCC_WARN_ABOUT_RETURN_TYPE = YES;
				GCC_WARN_UNUSED_VARIABLE = YES;
				ONLY_ACTIVE_ARCH = YES;
				SDKROOT = macosx;
			};
			name = Debug;
		};
		1DEB923708733DC60010E9CD /* Release */ = {
			isa = XCBuildConfiguration;
			buildSettings = {
				ARCHS = "$(ARCHS_STANDARD_32_64_BIT)";
				CLANG_CXX_LANGUAGE_STANDARD = "compiler-default";
				GCC_C_LANGUAGE_STANDARD = "compiler-default";
				GCC_WARN_ABOUT_RETURN_TYPE = YES;
				GCC_WARN_UNUSED_VARIABLE = YES;
				SDKROOT = macosx;
			};
			name = Release;
		};
/* End XCBuildConfiguration section */

/* Begin XCConfigurationList section */
		0027F6FC1760C4F3001D4F56 /* Build configuration list for PBXNativeTarget "RobocodeDelta copy" */ = {
			isa = XCConfigurationList;
			buildConfigurations = (
				0027F6FD1760C4F3001D4F56 /* Debug */,
				0027F6FE1760C4F3001D4F56 /* Release */,
			);
			defaultConfigurationIsVisible = 0;
			defaultConfigurationName = Release;
		};
		004F5109173A4F4200E9BF62 /* Build configuration list for PBXNativeTarget "RobocodeDelta" */ = {
			isa = XCConfigurationList;
			buildConfigurations = (
				004F510A173A4F4200E9BF62 /* Debug */,
				004F510B173A4F4200E9BF62 /* Release */,
			);
			defaultConfigurationIsVisible = 0;
			defaultConfigurationName = Release;
		};
		0054001C1371298C0008E5AB /* Build configuration list for PBXNativeTarget "RobocodeTheta" */ = {
			isa = XCConfigurationList;
			buildConfigurations = (
				0054001D1371298C0008E5AB /* Debug */,
				0054001E1371298C0008E5AB /* Release */,
			);
			defaultConfigurationIsVisible = 0;
			defaultConfigurationName = Release;
		};
		0080AE8312648B7200631E8B /* Build configuration list for PBXNativeTarget "RobocodeBeta" */ = {
			isa = XCConfigurationList;
			buildConfigurations = (
				0080AE8412648B7200631E8B /* Debug */,
				0080AE8512648B7200631E8B /* Release */,
			);
			defaultConfigurationIsVisible = 0;
			defaultConfigurationName = Release;
		};
		00DA2ABD12863B77003F9E66 /* Build configuration list for PBXNativeTarget "RobocodeMvP" */ = {
			isa = XCConfigurationList;
			buildConfigurations = (
				00DA2ABE12863B77003F9E66 /* Debug */,
				00DA2ABF12863B77003F9E66 /* Release */,
			);
			defaultConfigurationIsVisible = 0;
			defaultConfigurationName = Release;
		};
		1DEB923108733DC60010E9CD /* Build configuration list for PBXNativeTarget "Robocode" */ = {
			isa = XCConfigurationList;
			buildConfigurations = (
				1DEB923208733DC60010E9CD /* Debug */,
				1DEB923308733DC60010E9CD /* Release */,
			);
			defaultConfigurationIsVisible = 0;
			defaultConfigurationName = Release;
		};
		1DEB923508733DC60010E9CD /* Build configuration list for PBXProject "Robocode" */ = {
			isa = XCConfigurationList;
			buildConfigurations = (
				1DEB923608733DC60010E9CD /* Debug */,
				1DEB923708733DC60010E9CD /* Release */,
			);
			defaultConfigurationIsVisible = 0;
			defaultConfigurationName = Release;
		};
/* End XCConfigurationList section */
	};
	rootObject = 08FB7793FE84155DC02AAC07 /* Project object */;
}
