// !$*UTF8*$!
{
	archiveVersion = 1;
	classes = {
	};
	objectVersion = 46;
	objects = {

/* Begin PBXBuildFile section */
		00CA714618DAA7A100484464 /* myrandom.cpp in Sources */ = {isa = PBXBuildFile; fileRef = 0098DFE3173B41E600FF8C02 /* myrandom.cpp */; };
		00CA714918DAA7A100484464 /* robocodeDelta.cpp in Sources */ = {isa = PBXBuildFile; fileRef = 004F510D173A4FB300E9BF62 /* robocodeDelta.cpp */; };
		00CA714A18DAA7A100484464 /* critter.cpp in Sources */ = {isa = PBXBuildFile; fileRef = 0098DFD5173B41E600FF8C02 /* critter.cpp */; };
		00CA714B18DAA7A100484464 /* DataCollector.cpp in Sources */ = {isa = PBXBuildFile; fileRef = 0098DFD7173B41E600FF8C02 /* DataCollector.cpp */; };
		00CA714C18DAA7A100484464 /* functions.cpp in Sources */ = {isa = PBXBuildFile; fileRef = 0098DFDB173B41E600FF8C02 /* functions.cpp */; };
		00CA714D18DAA7A100484464 /* ptc2Grow.cpp in Sources */ = {isa = PBXBuildFile; fileRef = 0098DFEA173B41E600FF8C02 /* ptc2Grow.cpp */; };
		00CA714E18DAA7A100484464 /* entity.cpp in Sources */ = {isa = PBXBuildFile; fileRef = 0098DFD9173B41E600FF8C02 /* entity.cpp */; };
		00CA715518DAA81C00484464 /* DeltaWrappedCritter.cpp in Sources */ = {isa = PBXBuildFile; fileRef = 4D55926D18D2A95300175012 /* DeltaWrappedCritter.cpp */; };
		00CA715618DAA82200484464 /* RoboPopHandler.cpp in Sources */ = {isa = PBXBuildFile; fileRef = 4DAB1DC318D2CBF9008CD4A1 /* RoboPopHandler.cpp */; };
		00CA715718DAA82500484464 /* PopulationMain.cpp in Sources */ = {isa = PBXBuildFile; fileRef = 00CA713E18DA9DC200484464 /* PopulationMain.cpp */; };
		00DA2AB712863B77003F9E66 /* robocodeBeta.cpp in Sources */ = {isa = PBXBuildFile; fileRef = 0080AE5C1263ACEC00631E8B /* robocodeBeta.cpp */; };
		00DA2ABC12863B77003F9E66 /* Robocode.1 in CopyFiles */ = {isa = PBXBuildFile; fileRef = C6859E8B029090EE04C91782 /* Robocode.1 */; };
		00DA2AD512863BBC003F9E66 /* RobocodeMvPMain.cpp in Sources */ = {isa = PBXBuildFile; fileRef = 00DA2AD412863BBC003F9E66 /* RobocodeMvPMain.cpp */; };
		00F5E26D1777CE6000E8A810 /* myrandom.cpp in Sources */ = {isa = PBXBuildFile; fileRef = 0098DFE3173B41E600FF8C02 /* myrandom.cpp */; };
		00F5E26E1777CE7B00E8A810 /* spatialRobocodeCreatureDelta.cpp in Sources */ = {isa = PBXBuildFile; fileRef = 00ADF28E17448CB2004FCE54 /* spatialRobocodeCreatureDelta.cpp */; };
		00F5E26F1777CE8500E8A810 /* RobocodeDeltaMain.cpp in Sources */ = {isa = PBXBuildFile; fileRef = 004F5110173A503900E9BF62 /* RobocodeDeltaMain.cpp */; };
		00F5E2701777CF3400E8A810 /* robocodeDelta.cpp in Sources */ = {isa = PBXBuildFile; fileRef = 004F510D173A4FB300E9BF62 /* robocodeDelta.cpp */; };
		00F5E2711777CF4700E8A810 /* critter.cpp in Sources */ = {isa = PBXBuildFile; fileRef = 0098DFD5173B41E600FF8C02 /* critter.cpp */; };
		00F5E2721777CF4F00E8A810 /* DataCollector.cpp in Sources */ = {isa = PBXBuildFile; fileRef = 0098DFD7173B41E600FF8C02 /* DataCollector.cpp */; };
		00F5E2731777CF5200E8A810 /* functions.cpp in Sources */ = {isa = PBXBuildFile; fileRef = 0098DFDB173B41E600FF8C02 /* functions.cpp */; };
		00F5E2751777CF6000E8A810 /* ptc2Grow.cpp in Sources */ = {isa = PBXBuildFile; fileRef = 0098DFEA173B41E600FF8C02 /* ptc2Grow.cpp */; };
		00F5E2761777CF7700E8A810 /* entity.cpp in Sources */ = {isa = PBXBuildFile; fileRef = 0098DFD9173B41E600FF8C02 /* entity.cpp */; };
		00F5E2771777D35600E8A810 /* spatial.cpp in Sources */ = {isa = PBXBuildFile; fileRef = 00FCD2EF1744CCCB00AB6E47 /* spatial.cpp */; };
		00F5E2781777D35A00E8A810 /* critter.cpp in Sources */ = {isa = PBXBuildFile; fileRef = 0098DFD5173B41E600FF8C02 /* critter.cpp */; };
		00F5E2791777D35C00E8A810 /* DataCollector.cpp in Sources */ = {isa = PBXBuildFile; fileRef = 0098DFD7173B41E600FF8C02 /* DataCollector.cpp */; };
		00F5E27A1777D35F00E8A810 /* entity.cpp in Sources */ = {isa = PBXBuildFile; fileRef = 0098DFD9173B41E600FF8C02 /* entity.cpp */; };
		00F5E27B1777D36200E8A810 /* functions.cpp in Sources */ = {isa = PBXBuildFile; fileRef = 0098DFDB173B41E600FF8C02 /* functions.cpp */; };
		00F5E27C1777D36600E8A810 /* myrandom.cpp in Sources */ = {isa = PBXBuildFile; fileRef = 0098DFE3173B41E600FF8C02 /* myrandom.cpp */; };
		00FCD2F21744CCCB00AB6E47 /* spatial.cpp in Sources */ = {isa = PBXBuildFile; fileRef = 00FCD2EF1744CCCB00AB6E47 /* spatial.cpp */; };
		4D55927118D2B03700175012 /* spatialRobocodeCreatureMvP.cpp in Sources */ = {isa = PBXBuildFile; fileRef = 00DA2ADC12863BFA003F9E66 /* spatialRobocodeCreatureMvP.cpp */; };
/* End PBXBuildFile section */

/* Begin PBXCopyFilesBuildPhase section */
		004F5107173A4F4200E9BF62 /* CopyFiles */ = {
			isa = PBXCopyFilesBuildPhase;
			buildActionMask = 8;
			dstPath = /usr/share/man/man1/;
			dstSubfolderSpec = 0;
			files = (
			);
			runOnlyForDeploymentPostprocessing = 1;
		};
		00CA715018DAA7A100484464 /* CopyFiles */ = {
			isa = PBXCopyFilesBuildPhase;
			buildActionMask = 8;
			dstPath = /usr/share/man/man1/;
			dstSubfolderSpec = 0;
			files = (
			);
			runOnlyForDeploymentPostprocessing = 1;
		};
		00DA2ABB12863B77003F9E66 /* CopyFiles */ = {
			isa = PBXCopyFilesBuildPhase;
			buildActionMask = 8;
			dstPath = /usr/share/man/man1/;
			dstSubfolderSpec = 0;
			files = (
				00DA2ABC12863B77003F9E66 /* Robocode.1 in CopyFiles */,
			);
			runOnlyForDeploymentPostprocessing = 1;
		};
/* End PBXCopyFilesBuildPhase section */

/* Begin PBXFileReference section */
		004F510C173A4F4200E9BF62 /* RobocodeDelta */ = {isa = PBXFileReference; explicitFileType = "compiled.mach-o.executable"; includeInIndex = 0; path = RobocodeDelta; sourceTree = BUILT_PRODUCTS_DIR; };
		004F510D173A4FB300E9BF62 /* robocodeDelta.cpp */ = {isa = PBXFileReference; fileEncoding = 4; lastKnownFileType = sourcecode.cpp.cpp; path = robocodeDelta.cpp; sourceTree = "<group>"; };
		004F510E173A4FB300E9BF62 /* robocodeDelta.h */ = {isa = PBXFileReference; fileEncoding = 4; lastKnownFileType = sourcecode.c.h; path = robocodeDelta.h; sourceTree = "<group>"; };
		004F5110173A503900E9BF62 /* RobocodeDeltaMain.cpp */ = {isa = PBXFileReference; fileEncoding = 4; lastKnownFileType = sourcecode.cpp.cpp; path = RobocodeDeltaMain.cpp; sourceTree = "<group>"; };
		0054003113725EE30008E5AB /* robocodeTheta.cpp */ = {isa = PBXFileReference; fileEncoding = 4; lastKnownFileType = sourcecode.cpp.cpp; path = robocodeTheta.cpp; sourceTree = "<group>"; };
		0054003213725EE30008E5AB /* robocodeTheta.h */ = {isa = PBXFileReference; fileEncoding = 4; lastKnownFileType = sourcecode.c.h; path = robocodeTheta.h; sourceTree = "<group>"; };
		0080AE5C1263ACEC00631E8B /* robocodeBeta.cpp */ = {isa = PBXFileReference; fileEncoding = 4; lastKnownFileType = sourcecode.cpp.cpp; path = robocodeBeta.cpp; sourceTree = "<group>"; };
		0080AE5D1263ACEC00631E8B /* robocodeBeta.h */ = {isa = PBXFileReference; fileEncoding = 4; lastKnownFileType = sourcecode.c.h; path = robocodeBeta.h; sourceTree = "<group>"; };
		0098DFD4173B41E600FF8C02 /* BreederBase.h */ = {isa = PBXFileReference; fileEncoding = 4; lastKnownFileType = sourcecode.c.h; path = BreederBase.h; sourceTree = "<group>"; };
		0098DFD5173B41E600FF8C02 /* critter.cpp */ = {isa = PBXFileReference; fileEncoding = 4; lastKnownFileType = sourcecode.cpp.cpp; path = critter.cpp; sourceTree = "<group>"; };
		0098DFD6173B41E600FF8C02 /* critter.h */ = {isa = PBXFileReference; fileEncoding = 4; lastKnownFileType = sourcecode.c.h; path = critter.h; sourceTree = "<group>"; };
		0098DFD7173B41E600FF8C02 /* DataCollector.cpp */ = {isa = PBXFileReference; fileEncoding = 4; lastKnownFileType = sourcecode.cpp.cpp; path = DataCollector.cpp; sourceTree = "<group>"; };
		0098DFD8173B41E600FF8C02 /* DataCollector.h */ = {isa = PBXFileReference; fileEncoding = 4; lastKnownFileType = sourcecode.c.h; path = DataCollector.h; sourceTree = "<group>"; };
		0098DFD9173B41E600FF8C02 /* entity.cpp */ = {isa = PBXFileReference; fileEncoding = 4; lastKnownFileType = sourcecode.cpp.cpp; path = entity.cpp; sourceTree = "<group>"; };
		0098DFDA173B41E600FF8C02 /* entity.h */ = {isa = PBXFileReference; fileEncoding = 4; lastKnownFileType = sourcecode.c.h; path = entity.h; sourceTree = "<group>"; };
		0098DFDB173B41E600FF8C02 /* functions.cpp */ = {isa = PBXFileReference; fileEncoding = 4; lastKnownFileType = sourcecode.cpp.cpp; path = functions.cpp; sourceTree = "<group>"; };
		0098DFDC173B41E600FF8C02 /* functions.h */ = {isa = PBXFileReference; fileEncoding = 4; lastKnownFileType = sourcecode.c.h; path = functions.h; sourceTree = "<group>"; };
		0098DFDD173B41E600FF8C02 /* grammarBase.h */ = {isa = PBXFileReference; fileEncoding = 4; lastKnownFileType = sourcecode.c.h; path = grammarBase.h; sourceTree = "<group>"; };
		0098DFDE173B41E600FF8C02 /* interpreterBase.h */ = {isa = PBXFileReference; fileEncoding = 4; lastKnownFileType = sourcecode.c.h; path = interpreterBase.h; sourceTree = "<group>"; };
		0098DFE3173B41E600FF8C02 /* myrandom.cpp */ = {isa = PBXFileReference; fileEncoding = 4; lastKnownFileType = sourcecode.cpp.cpp; path = myrandom.cpp; sourceTree = "<group>"; };
		0098DFE4173B41E600FF8C02 /* myrandom.h */ = {isa = PBXFileReference; fileEncoding = 4; lastKnownFileType = sourcecode.c.h; path = myrandom.h; sourceTree = "<group>"; };
		0098DFE5173B41E600FF8C02 /* params.h */ = {isa = PBXFileReference; fileEncoding = 4; lastKnownFileType = sourcecode.c.h; path = params.h; sourceTree = "<group>"; };
		0098DFE6173B41E600FF8C02 /* popHandlerBase.cpp */ = {isa = PBXFileReference; fileEncoding = 4; lastKnownFileType = sourcecode.cpp.cpp; path = popHandlerBase.cpp; sourceTree = "<group>"; };
		0098DFE7173B41E600FF8C02 /* popHandlerBase.h */ = {isa = PBXFileReference; fileEncoding = 4; lastKnownFileType = sourcecode.c.h; path = popHandlerBase.h; sourceTree = "<group>"; };
		0098DFEA173B41E600FF8C02 /* ptc2Grow.cpp */ = {isa = PBXFileReference; fileEncoding = 4; lastKnownFileType = sourcecode.cpp.cpp; path = ptc2Grow.cpp; sourceTree = "<group>"; };
		0098DFEB173B41E600FF8C02 /* ptc2Grow.h */ = {isa = PBXFileReference; fileEncoding = 4; lastKnownFileType = sourcecode.c.h; path = ptc2Grow.h; sourceTree = "<group>"; };
		0098DFEC173B41E600FF8C02 /* singlePopHandler.cpp */ = {isa = PBXFileReference; fileEncoding = 4; lastKnownFileType = sourcecode.cpp.cpp; path = singlePopHandler.cpp; sourceTree = "<group>"; };
		0098DFED173B41E600FF8C02 /* singlePopHandler.h */ = {isa = PBXFileReference; fileEncoding = 4; lastKnownFileType = sourcecode.c.h; path = singlePopHandler.h; sourceTree = "<group>"; };
		0098DFEF173B41E600FF8C02 /* TournamentBreeder.cpp */ = {isa = PBXFileReference; fileEncoding = 4; lastKnownFileType = sourcecode.cpp.cpp; path = TournamentBreeder.cpp; sourceTree = "<group>"; };
		0098DFF0173B41E600FF8C02 /* TournamentBreeder.h */ = {isa = PBXFileReference; fileEncoding = 4; lastKnownFileType = sourcecode.c.h; path = TournamentBreeder.h; sourceTree = "<group>"; };
		00ADF28E17448CB2004FCE54 /* spatialRobocodeCreatureDelta.cpp */ = {isa = PBXFileReference; fileEncoding = 4; lastKnownFileType = sourcecode.cpp.cpp; path = spatialRobocodeCreatureDelta.cpp; sourceTree = "<group>"; };
		00ADF28F17448CB2004FCE54 /* spatialRobocodeCreatureDelta.h */ = {isa = PBXFileReference; fileEncoding = 4; lastKnownFileType = sourcecode.c.h; path = spatialRobocodeCreatureDelta.h; sourceTree = "<group>"; };
		00CA712F18DA9CD700484464 /* main.cpp */ = {isa = PBXFileReference; lastKnownFileType = sourcecode.cpp.cpp; path = main.cpp; sourceTree = "<group>"; };
		00CA713118DA9CD700484464 /* RobocodePopulation.1 */ = {isa = PBXFileReference; lastKnownFileType = text.man; path = RobocodePopulation.1; sourceTree = "<group>"; };
		00CA713E18DA9DC200484464 /* PopulationMain.cpp */ = {isa = PBXFileReference; fileEncoding = 4; lastKnownFileType = sourcecode.cpp.cpp; path = PopulationMain.cpp; sourceTree = "<group>"; };
		00CA715418DAA7A100484464 /* RobocodePopulation */ = {isa = PBXFileReference; explicitFileType = "compiled.mach-o.executable"; includeInIndex = 0; path = RobocodePopulation; sourceTree = BUILT_PRODUCTS_DIR; };
		00DA2AC012863B77003F9E66 /* RobocodeMvP */ = {isa = PBXFileReference; explicitFileType = "compiled.mach-o.executable"; includeInIndex = 0; path = RobocodeMvP; sourceTree = BUILT_PRODUCTS_DIR; };
		00DA2AD412863BBC003F9E66 /* RobocodeMvPMain.cpp */ = {isa = PBXFileReference; fileEncoding = 4; lastKnownFileType = sourcecode.cpp.cpp; path = RobocodeMvPMain.cpp; sourceTree = "<group>"; };
		00DA2ADC12863BFA003F9E66 /* spatialRobocodeCreatureMvP.cpp */ = {isa = PBXFileReference; fileEncoding = 4; lastKnownFileType = sourcecode.cpp.cpp; path = spatialRobocodeCreatureMvP.cpp; sourceTree = "<group>"; };
		00DA2ADD12863BFA003F9E66 /* spatialRobocodeCreatureMvP.h */ = {isa = PBXFileReference; fileEncoding = 4; lastKnownFileType = sourcecode.c.h; path = spatialRobocodeCreatureMvP.h; sourceTree = "<group>"; };
		00FCD2EF1744CCCB00AB6E47 /* spatial.cpp */ = {isa = PBXFileReference; fileEncoding = 4; lastKnownFileType = sourcecode.cpp.cpp; name = spatial.cpp; path = Spatial/spatial.cpp; sourceTree = "<group>"; };
		00FCD2F01744CCCB00AB6E47 /* spatial.h */ = {isa = PBXFileReference; fileEncoding = 4; lastKnownFileType = sourcecode.c.h; name = spatial.h; path = Spatial/spatial.h; sourceTree = "<group>"; };
		4D55926D18D2A95300175012 /* DeltaWrappedCritter.cpp */ = {isa = PBXFileReference; fileEncoding = 4; lastKnownFileType = sourcecode.cpp.cpp; path = DeltaWrappedCritter.cpp; sourceTree = "<group>"; };
		4D55926E18D2A95300175012 /* DeltaWrappedCritter.h */ = {isa = PBXFileReference; fileEncoding = 4; lastKnownFileType = sourcecode.c.h; path = DeltaWrappedCritter.h; sourceTree = "<group>"; };
		4DAB1DC318D2CBF9008CD4A1 /* RoboPopHandler.cpp */ = {isa = PBXFileReference; fileEncoding = 4; lastKnownFileType = sourcecode.cpp.cpp; path = RoboPopHandler.cpp; sourceTree = "<group>"; };
		4DAB1DC418D2CBF9008CD4A1 /* RoboPopHandler.h */ = {isa = PBXFileReference; fileEncoding = 4; lastKnownFileType = sourcecode.c.h; path = RoboPopHandler.h; sourceTree = "<group>"; };
		C6859E8B029090EE04C91782 /* Robocode.1 */ = {isa = PBXFileReference; lastKnownFileType = text.man; path = Robocode.1; sourceTree = "<group>"; };
/* End PBXFileReference section */

/* Begin PBXFrameworksBuildPhase section */
		004F5106173A4F4200E9BF62 /* Frameworks */ = {
			isa = PBXFrameworksBuildPhase;
			buildActionMask = 2147483647;
			files = (
			);
			runOnlyForDeploymentPostprocessing = 0;
		};
		00CA714F18DAA7A100484464 /* Frameworks */ = {
			isa = PBXFrameworksBuildPhase;
			buildActionMask = 2147483647;
			files = (
			);
			runOnlyForDeploymentPostprocessing = 0;
		};
		00DA2ABA12863B77003F9E66 /* Frameworks */ = {
			isa = PBXFrameworksBuildPhase;
			buildActionMask = 2147483647;
			files = (
			);
			runOnlyForDeploymentPostprocessing = 0;
		};
/* End PBXFrameworksBuildPhase section */

/* Begin PBXGroup section */
		0098DFD3173B41E600FF8C02 /* Base */ = {
			isa = PBXGroup;
			children = (
				0098DFD4173B41E600FF8C02 /* BreederBase.h */,
				0098DFD5173B41E600FF8C02 /* critter.cpp */,
				0098DFD6173B41E600FF8C02 /* critter.h */,
				0098DFD7173B41E600FF8C02 /* DataCollector.cpp */,
				0098DFD8173B41E600FF8C02 /* DataCollector.h */,
				0098DFD9173B41E600FF8C02 /* entity.cpp */,
				0098DFDA173B41E600FF8C02 /* entity.h */,
				0098DFDB173B41E600FF8C02 /* functions.cpp */,
				0098DFDC173B41E600FF8C02 /* functions.h */,
				0098DFDD173B41E600FF8C02 /* grammarBase.h */,
				0098DFDE173B41E600FF8C02 /* interpreterBase.h */,
				0098DFE3173B41E600FF8C02 /* myrandom.cpp */,
				0098DFE4173B41E600FF8C02 /* myrandom.h */,
				0098DFE5173B41E600FF8C02 /* params.h */,
				0098DFE6173B41E600FF8C02 /* popHandlerBase.cpp */,
				0098DFE7173B41E600FF8C02 /* popHandlerBase.h */,
				0098DFEA173B41E600FF8C02 /* ptc2Grow.cpp */,
				0098DFEB173B41E600FF8C02 /* ptc2Grow.h */,
				0098DFEC173B41E600FF8C02 /* singlePopHandler.cpp */,
				0098DFED173B41E600FF8C02 /* singlePopHandler.h */,
				0098DFEF173B41E600FF8C02 /* TournamentBreeder.cpp */,
				0098DFF0173B41E600FF8C02 /* TournamentBreeder.h */,
			);
			path = Base;
			sourceTree = "<group>";
		};
		00CA712E18DA9CD700484464 /* RobocodePopulation */ = {
			isa = PBXGroup;
			children = (
				00CA712F18DA9CD700484464 /* main.cpp */,
				00CA713118DA9CD700484464 /* RobocodePopulation.1 */,
			);
			path = RobocodePopulation;
			sourceTree = "<group>";
		};
		08FB7794FE84155DC02AAC07 /* Robocode */ = {
			isa = PBXGroup;
			children = (
				00CA713E18DA9DC200484464 /* PopulationMain.cpp */,
				08FB7795FE84155DC02AAC07 /* Source */,
				C6859E8C029090F304C91782 /* Documentation */,
				00CA712E18DA9CD700484464 /* RobocodePopulation */,
				1AB674ADFE9D54B511CA2CBB /* Products */,
			);
			name = Robocode;
			sourceTree = "<group>";
		};
		08FB7795FE84155DC02AAC07 /* Source */ = {
			isa = PBXGroup;
			children = (
				00FCD2EF1744CCCB00AB6E47 /* spatial.cpp */,
				00FCD2F01744CCCB00AB6E47 /* spatial.h */,
				00ADF28E17448CB2004FCE54 /* spatialRobocodeCreatureDelta.cpp */,
				00ADF28F17448CB2004FCE54 /* spatialRobocodeCreatureDelta.h */,
				0098DFD3173B41E600FF8C02 /* Base */,
				004F510D173A4FB300E9BF62 /* robocodeDelta.cpp */,
				004F510E173A4FB300E9BF62 /* robocodeDelta.h */,
				0054003113725EE30008E5AB /* robocodeTheta.cpp */,
				0054003213725EE30008E5AB /* robocodeTheta.h */,
				00DA2ADC12863BFA003F9E66 /* spatialRobocodeCreatureMvP.cpp */,
				00DA2ADD12863BFA003F9E66 /* spatialRobocodeCreatureMvP.h */,
				0080AE5C1263ACEC00631E8B /* robocodeBeta.cpp */,
				0080AE5D1263ACEC00631E8B /* robocodeBeta.h */,
				004F5110173A503900E9BF62 /* RobocodeDeltaMain.cpp */,
				00DA2AD412863BBC003F9E66 /* RobocodeMvPMain.cpp */,
				4D55926D18D2A95300175012 /* DeltaWrappedCritter.cpp */,
				4D55926E18D2A95300175012 /* DeltaWrappedCritter.h */,
				4DAB1DC318D2CBF9008CD4A1 /* RoboPopHandler.cpp */,
				4DAB1DC418D2CBF9008CD4A1 /* RoboPopHandler.h */,
			);
			name = Source;
			sourceTree = "<group>";
		};
		1AB674ADFE9D54B511CA2CBB /* Products */ = {
			isa = PBXGroup;
			children = (
				00DA2AC012863B77003F9E66 /* RobocodeMvP */,
				004F510C173A4F4200E9BF62 /* RobocodeDelta */,
				00CA715418DAA7A100484464 /* RobocodePopulation */,
			);
			name = Products;
			sourceTree = "<group>";
		};
		C6859E8C029090F304C91782 /* Documentation */ = {
			isa = PBXGroup;
			children = (
				C6859E8B029090EE04C91782 /* Robocode.1 */,
			);
			name = Documentation;
			sourceTree = "<group>";
		};
/* End PBXGroup section */

/* Begin PBXNativeTarget section */
		004F50F6173A4F4200E9BF62 /* RobocodeDelta */ = {
			isa = PBXNativeTarget;
			buildConfigurationList = 004F5109173A4F4200E9BF62 /* Build configuration list for PBXNativeTarget "RobocodeDelta" */;
			buildPhases = (
				004F50F7173A4F4200E9BF62 /* Sources */,
				004F5106173A4F4200E9BF62 /* Frameworks */,
				004F5107173A4F4200E9BF62 /* CopyFiles */,
			);
			buildRules = (
			);
			dependencies = (
			);
			name = RobocodeDelta;
			productInstallPath = "$(HOME)/bin";
			productName = Robocode;
			productReference = 004F510C173A4F4200E9BF62 /* RobocodeDelta */;
			productType = "com.apple.product-type.tool";
		};
		00CA714318DAA7A100484464 /* RobocodePopulation */ = {
			isa = PBXNativeTarget;
			buildConfigurationList = 00CA715118DAA7A100484464 /* Build configuration list for PBXNativeTarget "RobocodePopulation" */;
			buildPhases = (
				00CA714418DAA7A100484464 /* Sources */,
				00CA714F18DAA7A100484464 /* Frameworks */,
				00CA715018DAA7A100484464 /* CopyFiles */,
			);
			buildRules = (
			);
			dependencies = (
			);
			name = RobocodePopulation;
			productInstallPath = "$(HOME)/bin";
			productName = Robocode;
			productReference = 00CA715418DAA7A100484464 /* RobocodePopulation */;
			productType = "com.apple.product-type.tool";
		};
		00DA2AA912863B77003F9E66 /* RobocodeMvP */ = {
			isa = PBXNativeTarget;
			buildConfigurationList = 00DA2ABD12863B77003F9E66 /* Build configuration list for PBXNativeTarget "RobocodeMvP" */;
			buildPhases = (
				00DA2AAA12863B77003F9E66 /* Sources */,
				00DA2ABA12863B77003F9E66 /* Frameworks */,
				00DA2ABB12863B77003F9E66 /* CopyFiles */,
			);
			buildRules = (
			);
			dependencies = (
			);
			name = RobocodeMvP;
			productInstallPath = "$(HOME)/bin";
			productName = Robocode;
			productReference = 00DA2AC012863B77003F9E66 /* RobocodeMvP */;
			productType = "com.apple.product-type.tool";
		};
/* End PBXNativeTarget section */

/* Begin PBXProject section */
		08FB7793FE84155DC02AAC07 /* Project object */ = {
			isa = PBXProject;
			attributes = {
				LastUpgradeCheck = 0500;
			};
			buildConfigurationList = 1DEB923508733DC60010E9CD /* Build configuration list for PBXProject "Robocode" */;
			compatibilityVersion = "Xcode 3.2";
			developmentRegion = English;
			hasScannedForEncodings = 1;
			knownRegions = (
				English,
				Japanese,
				French,
				German,
			);
			mainGroup = 08FB7794FE84155DC02AAC07 /* Robocode */;
			projectDirPath = "";
			projectRoot = "";
			targets = (
				00DA2AA912863B77003F9E66 /* RobocodeMvP */,
				004F50F6173A4F4200E9BF62 /* RobocodeDelta */,
				00CA714318DAA7A100484464 /* RobocodePopulation */,
			);
		};
/* End PBXProject section */

/* Begin PBXSourcesBuildPhase section */
		004F50F7173A4F4200E9BF62 /* Sources */ = {
			isa = PBXSourcesBuildPhase;
			buildActionMask = 2147483647;
			files = (
				00FCD2F21744CCCB00AB6E47 /* spatial.cpp in Sources */,
				00F5E26D1777CE6000E8A810 /* myrandom.cpp in Sources */,
				00F5E26E1777CE7B00E8A810 /* spatialRobocodeCreatureDelta.cpp in Sources */,
				00F5E26F1777CE8500E8A810 /* RobocodeDeltaMain.cpp in Sources */,
				00F5E2701777CF3400E8A810 /* robocodeDelta.cpp in Sources */,
				00F5E2711777CF4700E8A810 /* critter.cpp in Sources */,
				00F5E2721777CF4F00E8A810 /* DataCollector.cpp in Sources */,
				00F5E2731777CF5200E8A810 /* functions.cpp in Sources */,
				00F5E2751777CF6000E8A810 /* ptc2Grow.cpp in Sources */,
				00F5E2761777CF7700E8A810 /* entity.cpp in Sources */,
			);
			runOnlyForDeploymentPostprocessing = 0;
		};
		00CA714418DAA7A100484464 /* Sources */ = {
			isa = PBXSourcesBuildPhase;
			buildActionMask = 2147483647;
			files = (
				00CA714618DAA7A100484464 /* myrandom.cpp in Sources */,
				00CA714918DAA7A100484464 /* robocodeDelta.cpp in Sources */,
				00CA715518DAA81C00484464 /* DeltaWrappedCritter.cpp in Sources */,
				00CA715618DAA82200484464 /* RoboPopHandler.cpp in Sources */,
				00CA714A18DAA7A100484464 /* critter.cpp in Sources */,
				00CA714B18DAA7A100484464 /* DataCollector.cpp in Sources */,
				00CA714C18DAA7A100484464 /* functions.cpp in Sources */,
				00CA715718DAA82500484464 /* PopulationMain.cpp in Sources */,
				00CA714D18DAA7A100484464 /* ptc2Grow.cpp in Sources */,
				00CA714E18DAA7A100484464 /* entity.cpp in Sources */,
			);
			runOnlyForDeploymentPostprocessing = 0;
		};
		00DA2AAA12863B77003F9E66 /* Sources */ = {
			isa = PBXSourcesBuildPhase;
			buildActionMask = 2147483647;
			files = (
				00DA2AB712863B77003F9E66 /* robocodeBeta.cpp in Sources */,
				4D55927118D2B03700175012 /* spatialRobocodeCreatureMvP.cpp in Sources */,
				00DA2AD512863BBC003F9E66 /* RobocodeMvPMain.cpp in Sources */,
				00F5E2771777D35600E8A810 /* spatial.cpp in Sources */,
				00F5E2781777D35A00E8A810 /* critter.cpp in Sources */,
				00F5E2791777D35C00E8A810 /* DataCollector.cpp in Sources */,
				00F5E27A1777D35F00E8A810 /* entity.cpp in Sources */,
				00F5E27B1777D36200E8A810 /* functions.cpp in Sources */,
				00F5E27C1777D36600E8A810 /* myrandom.cpp in Sources */,
			);
			runOnlyForDeploymentPostprocessing = 0;
		};
/* End PBXSourcesBuildPhase section */

/* Begin XCBuildConfiguration section */
		004F510A173A4F4200E9BF62 /* Debug */ = {
			isa = XCBuildConfiguration;
			buildSettings = {
				ALWAYS_SEARCH_USER_PATHS = YES;
				CLANG_CXX_LANGUAGE_STANDARD = "gnu++0x";
				CLANG_CXX_LIBRARY = "libstdc++";
				COPY_PHASE_STRIP = NO;
				GCC_DYNAMIC_NO_PIC = NO;
				GCC_MODEL_TUNING = G5;
				GCC_OPTIMIZATION_LEVEL = 0;
				HEADER_SEARCH_PATHS = /usr/local/include;
				INSTALL_PATH = /usr/local/bin;
				PRODUCT_NAME = RobocodeDelta;
			};
			name = Debug;
		};
		004F510B173A4F4200E9BF62 /* Release */ = {
			isa = XCBuildConfiguration;
			buildSettings = {
				ALWAYS_SEARCH_USER_PATHS = YES;
				CLANG_CXX_LANGUAGE_STANDARD = "gnu++0x";
				CLANG_CXX_LIBRARY = "libstdc++";
				DEBUG_INFORMATION_FORMAT = "dwarf-with-dsym";
				GCC_MODEL_TUNING = G5;
				"HEADER_SEARCH_PATHS[arch=*]" = (
					"$(inherited)",
					/Applications/Xcode.app/Contents/Developer/Toolchains/XcodeDefault.xctoolchain/usr/include,
					/usr/local/include,
				);
				INSTALL_PATH = /usr/local/bin;
				PRODUCT_NAME = RobocodeDelta;
			};
			name = Release;
		};
		00CA715218DAA7A100484464 /* Debug */ = {
			isa = XCBuildConfiguration;
			buildSettings = {
				ALWAYS_SEARCH_USER_PATHS = YES;
				CLANG_CXX_LANGUAGE_STANDARD = "gnu++0x";
				CLANG_CXX_LIBRARY = "libstdc++";
				COPY_PHASE_STRIP = NO;
				GCC_DYNAMIC_NO_PIC = NO;
				GCC_MODEL_TUNING = G5;
				GCC_OPTIMIZATION_LEVEL = 0;
				HEADER_SEARCH_PATHS = /usr/local/include;
				INSTALL_PATH = /usr/local/bin;
				PRODUCT_NAME = RobocodePopulation;
			};
			name = Debug;
		};
		00CA715318DAA7A100484464 /* Release */ = {
			isa = XCBuildConfiguration;
			buildSettings = {
				ALWAYS_SEARCH_USER_PATHS = YES;
				CLANG_CXX_LANGUAGE_STANDARD = "gnu++0x";
				CLANG_CXX_LIBRARY = "libstdc++";
				DEBUG_INFORMATION_FORMAT = "dwarf-with-dsym";
				GCC_MODEL_TUNING = G5;
				"HEADER_SEARCH_PATHS[arch=*]" = (
					"$(inherited)",
					/Applications/Xcode.app/Contents/Developer/Toolchains/XcodeDefault.xctoolchain/usr/include,
					/usr/local/include,
				);
				INSTALL_PATH = /usr/local/bin;
				PRODUCT_NAME = RobocodePopulation;
			};
			name = Release;
		};
		00DA2ABE12863B77003F9E66 /* Debug */ = {
			isa = XCBuildConfiguration;
			buildSettings = {
				ALWAYS_SEARCH_USER_PATHS = YES;
				COPY_PHASE_STRIP = NO;
				GCC_DYNAMIC_NO_PIC = NO;
				GCC_MODEL_TUNING = G5;
				GCC_OPTIMIZATION_LEVEL = 0;
				HEADER_SEARCH_PATHS = /usr/local/include;
				INSTALL_PATH = /usr/local/bin;
				PRODUCT_NAME = RobocodeMvP;
			};
			name = Debug;
		};
		00DA2ABF12863B77003F9E66 /* Release */ = {
			isa = XCBuildConfiguration;
			buildSettings = {
				ALWAYS_SEARCH_USER_PATHS = NO;
				DEBUG_INFORMATION_FORMAT = "dwarf-with-dsym";
				GCC_MODEL_TUNING = G5;
				INSTALL_PATH = /usr/local/bin;
				PRODUCT_NAME = RobocodeMvP;
			};
			name = Release;
		};
		1DEB923608733DC60010E9CD /* Debug */ = {
			isa = XCBuildConfiguration;
			buildSettings = {
				CLANG_CXX_LANGUAGE_STANDARD = "c++0x";
				GCC_C_LANGUAGE_STANDARD = "compiler-default";
				GCC_OPTIMIZATION_LEVEL = 0;
				GCC_WARN_ABOUT_RETURN_TYPE = YES;
				GCC_WARN_UNUSED_VARIABLE = YES;
				ONLY_ACTIVE_ARCH = YES;
				SDKROOT = macosx10.8;
			};
			name = Debug;
		};
		1DEB923708733DC60010E9CD /* Release */ = {
			isa = XCBuildConfiguration;
			buildSettings = {
				CLANG_CXX_LANGUAGE_STANDARD = "c++0x";
				GCC_C_LANGUAGE_STANDARD = "compiler-default";
				GCC_WARN_ABOUT_RETURN_TYPE = YES;
				GCC_WARN_UNUSED_VARIABLE = YES;
				SDKROOT = macosx10.8;
			};
			name = Release;
		};
/* End XCBuildConfiguration section */

/* Begin XCConfigurationList section */
		004F5109173A4F4200E9BF62 /* Build configuration list for PBXNativeTarget "RobocodeDelta" */ = {
			isa = XCConfigurationList;
			buildConfigurations = (
				004F510A173A4F4200E9BF62 /* Debug */,
				004F510B173A4F4200E9BF62 /* Release */,
			);
			defaultConfigurationIsVisible = 0;
			defaultConfigurationName = Release;
		};
		00CA715118DAA7A100484464 /* Build configuration list for PBXNativeTarget "RobocodePopulation" */ = {
			isa = XCConfigurationList;
			buildConfigurations = (
				00CA715218DAA7A100484464 /* Debug */,
				00CA715318DAA7A100484464 /* Release */,
			);
			defaultConfigurationIsVisible = 0;
			defaultConfigurationName = Release;
		};
		00DA2ABD12863B77003F9E66 /* Build configuration list for PBXNativeTarget "RobocodeMvP" */ = {
			isa = XCConfigurationList;
			buildConfigurations = (
				00DA2ABE12863B77003F9E66 /* Debug */,
				00DA2ABF12863B77003F9E66 /* Release */,
			);
			defaultConfigurationIsVisible = 0;
			defaultConfigurationName = Release;
		};
		1DEB923508733DC60010E9CD /* Build configuration list for PBXProject "Robocode" */ = {
			isa = XCConfigurationList;
			buildConfigurations = (
				1DEB923608733DC60010E9CD /* Debug */,
				1DEB923708733DC60010E9CD /* Release */,
			);
			defaultConfigurationIsVisible = 0;
			defaultConfigurationName = Release;
		};
/* End XCConfigurationList section */
	};
	rootObject = 08FB7793FE84155DC02AAC07 /* Project object */;
}
